
Microsoft Visual Studio Solution File, Format Version 12.00
# Visual Studio Version 16
VisualStudioVersion = 16.0.30309.148
MinimumVisualStudioVersion = 10.0.40219.1
Project("{8BC9CEB8-8B4A-11D0-8D11-00A0C91BC942}") = "ClassPractice", "ClassPractice\ClassPractice.vcxproj", "{F439602D-91D7-44F2-A400-EE2C343C17EE}"
EndProject
Global
	GlobalSection(SolutionConfigurationPlatforms) = preSolution
		Debug|x64 = Debug|x64
		Debug|x86 = Debug|x86
		Release|x64 = Release|x64
		Release|x86 = Release|x86
	EndGlobalSection
	GlobalSection(ProjectConfigurationPlatforms) = postSolution
		{F439602D-91D7-44F2-A400-EE2C343C17EE}.Debug|x64.ActiveCfg = Debug|x64
		{F439602D-91D7-44F2-A400-EE2C343C17EE}.Debug|x64.Build.0 = Debug|x64
		{F439602D-91D7-44F2-A400-EE2C343C17EE}.Debug|x86.ActiveCfg = Debug|Win32
		{F439602D-91D7-44F2-A400-EE2C343C17EE}.Debug|x86.Build.0 = Debug|Win32
		{F439602D-91D7-44F2-A400-EE2C343C17EE}.Release|x64.ActiveCfg = Release|x64
		{F439602D-91D7-44F2-A400-EE2C343C17EE}.Release|x64.Build.0 = Release|x64
		{F439602D-91D7-44F2-A400-EE2C343C17EE}.Release|x86.ActiveCfg = Release|Win32
		{F439602D-91D7-44F2-A400-EE2C343C17EE}.Release|x86.Build.0 = Release|Win32
	EndGlobalSection
	GlobalSection(SolutionProperties) = preSolution
		HideSolutionNode = FALSE
	EndGlobalSection
	GlobalSection(ExtensibilityGlobals) = postSolution
		SolutionGuid = {18FEF1DF-3596-4D40-A7B7-9AB4803559FA}
	EndGlobalSection
EndGlobal
